
Microsoft Visual Studio Solution File, Format Version 12.00
# Visual Studio 15
VisualStudioVersion = 15.0.26730.10
MinimumVisualStudioVersion = 10.0.40219.1
Project("{FAE04EC0-301F-11D3-BF4B-00C04F79EFBC}") = "CharIterator", "CharIterator\CharIterator.csproj", "{0B06497D-FBF1-41C4-A0BD-0349DB7DAABE}"
EndProject
Global
	GlobalSection(SolutionConfigurationPlatforms) = preSolution
		Debug|Any CPU = Debug|Any CPU
		Release|Any CPU = Release|Any CPU
	EndGlobalSection
	GlobalSection(ProjectConfigurationPlatforms) = postSolution
		{0B06497D-FBF1-41C4-A0BD-0349DB7DAABE}.Debug|Any CPU.ActiveCfg = Debug|Any CPU
		{0B06497D-FBF1-41C4-A0BD-0349DB7DAABE}.Debug|Any CPU.Build.0 = Debug|Any CPU
		{0B06497D-FBF1-41C4-A0BD-0349DB7DAABE}.Release|Any CPU.ActiveCfg = Release|Any CPU
		{0B06497D-FBF1-41C4-A0BD-0349DB7DAABE}.Release|Any CPU.Build.0 = Release|Any CPU
	EndGlobalSection
	GlobalSection(SolutionProperties) = preSolution
		HideSolutionNode = FALSE
	EndGlobalSection
	GlobalSection(ExtensibilityGlobals) = postSolution
		SolutionGuid = {6EB4645A-F759-449C-857F-29872C9CDEBC}
	EndGlobalSection
EndGlobal
